
Microsoft Visual Studio Solution File, Format Version 12.00
# Visual Studio Version 16
VisualStudioVersion = 16.0.30225.117
MinimumVisualStudioVersion = 10.0.40219.1
Project("{FAE04EC0-301F-11D3-BF4B-00C04F79EFBC}") = "Kaffeeautomat", "Kaffeeautomat.csproj", "{397C0917-C4A3-42FA-AD67-715B6447E956}"
EndProject
Global
	GlobalSection(SolutionConfigurationPlatforms) = preSolution
		Debug|Any CPU = Debug|Any CPU
		Release|Any CPU = Release|Any CPU
	EndGlobalSection
	GlobalSection(ProjectConfigurationPlatforms) = postSolution
		{397C0917-C4A3-42FA-AD67-715B6447E956}.Debug|Any CPU.ActiveCfg = Debug|Any CPU
		{397C0917-C4A3-42FA-AD67-715B6447E956}.Debug|Any CPU.Build.0 = Debug|Any CPU
		{397C0917-C4A3-42FA-AD67-715B6447E956}.Release|Any CPU.ActiveCfg = Release|Any CPU
		{397C0917-C4A3-42FA-AD67-715B6447E956}.Release|Any CPU.Build.0 = Release|Any CPU
	EndGlobalSection
	GlobalSection(SolutionProperties) = preSolution
		HideSolutionNode = FALSE
	EndGlobalSection
	GlobalSection(ExtensibilityGlobals) = postSolution
		SolutionGuid = {AE2CB953-071B-478D-A127-CD01C06EEB8C}
	EndGlobalSection
EndGlobal
